// !$*UTF8*$!
{
	archiveVersion = 1;
	classes = {
	};
	objectVersion = 50;
	objects = {

/* Begin PBXBuildFile section */
		189B78DC22FC97A600F95E18 /* AppDelegate.swift in Sources */ = {isa = PBXBuildFile; fileRef = 189B78DB22FC97A600F95E18 /* AppDelegate.swift */; };
		189B78DE22FC97A600F95E18 /* ViewController.swift in Sources */ = {isa = PBXBuildFile; fileRef = 189B78DD22FC97A600F95E18 /* ViewController.swift */; };
		189B78E122FC97A600F95E18 /* Main.storyboard in Resources */ = {isa = PBXBuildFile; fileRef = 189B78DF22FC97A600F95E18 /* Main.storyboard */; };
		189B78E322FC97A800F95E18 /* Assets.xcassets in Resources */ = {isa = PBXBuildFile; fileRef = 189B78E222FC97A800F95E18 /* Assets.xcassets */; };
		189B78E622FC97A800F95E18 /* LaunchScreen.storyboard in Resources */ = {isa = PBXBuildFile; fileRef = 189B78E422FC97A800F95E18 /* LaunchScreen.storyboard */; };
		189B78F122FC97A800F95E18 /* actionsTests.swift in Sources */ = {isa = PBXBuildFile; fileRef = 189B78F022FC97A800F95E18 /* actionsTests.swift */; };
		189B78FC22FC97A800F95E18 /* actionsUITests.swift in Sources */ = {isa = PBXBuildFile; fileRef = 189B78FB22FC97A800F95E18 /* actionsUITests.swift */; };
/* End PBXBuildFile section */

/* Begin PBXContainerItemProxy section */
		189B78ED22FC97A800F95E18 /* PBXContainerItemProxy */ = {
			isa = PBXContainerItemProxy;
			containerPortal = 189B78D022FC97A600F95E18 /* Project object */;
			proxyType = 1;
			remoteGlobalIDString = 189B78D722FC97A600F95E18;
			remoteInfo = actions;
		};
		189B78F822FC97A800F95E18 /* PBXContainerItemProxy */ = {
			isa = PBXContainerItemProxy;
			containerPortal = 189B78D022FC97A600F95E18 /* Project object */;
			proxyType = 1;
			remoteGlobalIDString = 189B78D722FC97A600F95E18;
			remoteInfo = actions;
		};
/* End PBXContainerItemProxy section */

/* Begin PBXFileReference section */
		189B78D822FC97A600F95E18 /* actions.app */ = {isa = PBXFileReference; explicitFileType = wrapper.application; includeInIndex = 0; path = actions.app; sourceTree = BUILT_PRODUCTS_DIR; };
		189B78DB22FC97A600F95E18 /* AppDelegate.swift */ = {isa = PBXFileReference; lastKnownFileType = sourcecode.swift; path = AppDelegate.swift; sourceTree = "<group>"; };
		189B78DD22FC97A600F95E18 /* ViewController.swift */ = {isa = PBXFileReference; lastKnownFileType = sourcecode.swift; path = ViewController.swift; sourceTree = "<group>"; };
		189B78E022FC97A600F95E18 /* Base */ = {isa = PBXFileReference; lastKnownFileType = file.storyboard; name = Base; path = Base.lproj/Main.storyboard; sourceTree = "<group>"; };
		189B78E222FC97A800F95E18 /* Assets.xcassets */ = {isa = PBXFileReference; lastKnownFileType = folder.assetcatalog; path = Assets.xcassets; sourceTree = "<group>"; };
		189B78E522FC97A800F95E18 /* Base */ = {isa = PBXFileReference; lastKnownFileType = file.storyboard; name = Base; path = Base.lproj/LaunchScreen.storyboard; sourceTree = "<group>"; };
		189B78E722FC97A800F95E18 /* Info.plist */ = {isa = PBXFileReference; lastKnownFileType = text.plist.xml; path = Info.plist; sourceTree = "<group>"; };
		189B78EC22FC97A800F95E18 /* actionsTests.xctest */ = {isa = PBXFileReference; explicitFileType = wrapper.cfbundle; includeInIndex = 0; path = actionsTests.xctest; sourceTree = BUILT_PRODUCTS_DIR; };
		189B78F022FC97A800F95E18 /* actionsTests.swift */ = {isa = PBXFileReference; lastKnownFileType = sourcecode.swift; path = actionsTests.swift; sourceTree = "<group>"; };
		189B78F222FC97A800F95E18 /* Info.plist */ = {isa = PBXFileReference; lastKnownFileType = text.plist.xml; path = Info.plist; sourceTree = "<group>"; };
		189B78F722FC97A800F95E18 /* actionsUITests.xctest */ = {isa = PBXFileReference; explicitFileType = wrapper.cfbundle; includeInIndex = 0; path = actionsUITests.xctest; sourceTree = BUILT_PRODUCTS_DIR; };
		189B78FB22FC97A800F95E18 /* actionsUITests.swift */ = {isa = PBXFileReference; lastKnownFileType = sourcecode.swift; path = actionsUITests.swift; sourceTree = "<group>"; };
		189B78FD22FC97A800F95E18 /* Info.plist */ = {isa = PBXFileReference; lastKnownFileType = text.plist.xml; path = Info.plist; sourceTree = "<group>"; };
/* End PBXFileReference section */

/* Begin PBXFrameworksBuildPhase section */
		189B78D522FC97A600F95E18 /* Frameworks */ = {
			isa = PBXFrameworksBuildPhase;
			buildActionMask = 2147483647;
			files = (
			);
			runOnlyForDeploymentPostprocessing = 0;
		};
		189B78E922FC97A800F95E18 /* Frameworks */ = {
			isa = PBXFrameworksBuildPhase;
			buildActionMask = 2147483647;
			files = (
			);
			runOnlyForDeploymentPostprocessing = 0;
		};
		189B78F422FC97A800F95E18 /* Frameworks */ = {
			isa = PBXFrameworksBuildPhase;
			buildActionMask = 2147483647;
			files = (
			);
			runOnlyForDeploymentPostprocessing = 0;
		};
/* End PBXFrameworksBuildPhase section */

/* Begin PBXGroup section */
		189B78CF22FC97A600F95E18 = {
			isa = PBXGroup;
			children = (
				189B78DA22FC97A600F95E18 /* actions */,
				189B78EF22FC97A800F95E18 /* actionsTests */,
				189B78FA22FC97A800F95E18 /* actionsUITests */,
				189B78D922FC97A600F95E18 /* Products */,
			);
			sourceTree = "<group>";
		};
		189B78D922FC97A600F95E18 /* Products */ = {
			isa = PBXGroup;
			children = (
				189B78D822FC97A600F95E18 /* actions.app */,
				189B78EC22FC97A800F95E18 /* actionsTests.xctest */,
				189B78F722FC97A800F95E18 /* actionsUITests.xctest */,
			);
			name = Products;
			sourceTree = "<group>";
		};
		189B78DA22FC97A600F95E18 /* actions */ = {
			isa = PBXGroup;
			children = (
				189B78DB22FC97A600F95E18 /* AppDelegate.swift */,
				189B78DD22FC97A600F95E18 /* ViewController.swift */,
				189B78DF22FC97A600F95E18 /* Main.storyboard */,
				189B78E222FC97A800F95E18 /* Assets.xcassets */,
				189B78E422FC97A800F95E18 /* LaunchScreen.storyboard */,
				189B78E722FC97A800F95E18 /* Info.plist */,
			);
			path = actions;
			sourceTree = "<group>";
		};
		189B78EF22FC97A800F95E18 /* actionsTests */ = {
			isa = PBXGroup;
			children = (
				189B78F022FC97A800F95E18 /* actionsTests.swift */,
				189B78F222FC97A800F95E18 /* Info.plist */,
			);
			path = actionsTests;
			sourceTree = "<group>";
		};
		189B78FA22FC97A800F95E18 /* actionsUITests */ = {
			isa = PBXGroup;
			children = (
				189B78FB22FC97A800F95E18 /* actionsUITests.swift */,
				189B78FD22FC97A800F95E18 /* Info.plist */,
			);
			path = actionsUITests;
			sourceTree = "<group>";
		};
/* End PBXGroup section */

/* Begin PBXNativeTarget section */
		189B78D722FC97A600F95E18 /* actions */ = {
			isa = PBXNativeTarget;
			buildConfigurationList = 189B790022FC97A800F95E18 /* Build configuration list for PBXNativeTarget "actions" */;
			buildPhases = (
				189B78D422FC97A600F95E18 /* Sources */,
				189B78D522FC97A600F95E18 /* Frameworks */,
				189B78D622FC97A600F95E18 /* Resources */,
			);
			buildRules = (
			);
			dependencies = (
			);
			name = actions;
			productName = actions;
			productReference = 189B78D822FC97A600F95E18 /* actions.app */;
			productType = "com.apple.product-type.application";
		};
		189B78EB22FC97A800F95E18 /* actionsTests */ = {
			isa = PBXNativeTarget;
			buildConfigurationList = 189B790322FC97A800F95E18 /* Build configuration list for PBXNativeTarget "actionsTests" */;
			buildPhases = (
				189B78E822FC97A800F95E18 /* Sources */,
				189B78E922FC97A800F95E18 /* Frameworks */,
				189B78EA22FC97A800F95E18 /* Resources */,
			);
			buildRules = (
			);
			dependencies = (
				189B78EE22FC97A800F95E18 /* PBXTargetDependency */,
			);
			name = actionsTests;
			productName = actionsTests;
			productReference = 189B78EC22FC97A800F95E18 /* actionsTests.xctest */;
			productType = "com.apple.product-type.bundle.unit-test";
		};
		189B78F622FC97A800F95E18 /* actionsUITests */ = {
			isa = PBXNativeTarget;
			buildConfigurationList = 189B790622FC97A800F95E18 /* Build configuration list for PBXNativeTarget "actionsUITests" */;
			buildPhases = (
				189B78F322FC97A800F95E18 /* Sources */,
				189B78F422FC97A800F95E18 /* Frameworks */,
				189B78F522FC97A800F95E18 /* Resources */,
			);
			buildRules = (
			);
			dependencies = (
				189B78F922FC97A800F95E18 /* PBXTargetDependency */,
			);
			name = actionsUITests;
			productName = actionsUITests;
			productReference = 189B78F722FC97A800F95E18 /* actionsUITests.xctest */;
			productType = "com.apple.product-type.bundle.ui-testing";
		};
/* End PBXNativeTarget section */

/* Begin PBXProject section */
		189B78D022FC97A600F95E18 /* Project object */ = {
			isa = PBXProject;
			attributes = {
				LastSwiftUpdateCheck = 1020;
				LastUpgradeCheck = 1020;
				ORGANIZATIONNAME = KWK;
				TargetAttributes = {
					189B78D722FC97A600F95E18 = {
						CreatedOnToolsVersion = 10.2.1;
					};
					189B78EB22FC97A800F95E18 = {
						CreatedOnToolsVersion = 10.2.1;
						TestTargetID = 189B78D722FC97A600F95E18;
					};
					189B78F622FC97A800F95E18 = {
						CreatedOnToolsVersion = 10.2.1;
						TestTargetID = 189B78D722FC97A600F95E18;
					};
				};
			};
			buildConfigurationList = 189B78D322FC97A600F95E18 /* Build configuration list for PBXProject "actions" */;
			compatibilityVersion = "Xcode 9.3";
			developmentRegion = en;
			hasScannedForEncodings = 0;
			knownRegions = (
				en,
				Base,
			);
			mainGroup = 189B78CF22FC97A600F95E18;
			productRefGroup = 189B78D922FC97A600F95E18 /* Products */;
			projectDirPath = "";
			projectRoot = "";
			targets = (
				189B78D722FC97A600F95E18 /* actions */,
				189B78EB22FC97A800F95E18 /* actionsTests */,
				189B78F622FC97A800F95E18 /* actionsUITests */,
			);
		};
/* End PBXProject section */

/* Begin PBXResourcesBuildPhase section */
		189B78D622FC97A600F95E18 /* Resources */ = {
			isa = PBXResourcesBuildPhase;
			buildActionMask = 2147483647;
			files = (
				189B78E622FC97A800F95E18 /* LaunchScreen.storyboard in Resources */,
				189B78E322FC97A800F95E18 /* Assets.xcassets in Resources */,
				189B78E122FC97A600F95E18 /* Main.storyboard in Resources */,
			);
			runOnlyForDeploymentPostprocessing = 0;
		};
		189B78EA22FC97A800F95E18 /* Resources */ = {
			isa = PBXResourcesBuildPhase;
			buildActionMask = 2147483647;
			files = (
			);
			runOnlyForDeploymentPostprocessing = 0;
		};
		189B78F522FC97A800F95E18 /* Resources */ = {
			isa = PBXResourcesBuildPhase;
			buildActionMask = 2147483647;
			files = (
			);
			runOnlyForDeploymentPostprocessing = 0;
		};
/* End PBXResourcesBuildPhase section */

/* Begin PBXSourcesBuildPhase section */
		189B78D422FC97A600F95E18 /* Sources */ = {
			isa = PBXSourcesBuildPhase;
			buildActionMask = 2147483647;
			files = (
				189B78DE22FC97A600F95E18 /* ViewController.swift in Sources */,
				189B78DC22FC97A600F95E18 /* AppDelegate.swift in Sources */,
			);
			runOnlyForDeploymentPostprocessing = 0;
		};
		189B78E822FC97A800F95E18 /* Sources */ = {
			isa = PBXSourcesBuildPhase;
			buildActionMask = 2147483647;
			files = (
				189B78F122FC97A800F95E18 /* actionsTests.swift in Sources */,
			);
			runOnlyForDeploymentPostprocessing = 0;
		};
		189B78F322FC97A800F95E18 /* Sources */ = {
			isa = PBXSourcesBuildPhase;
			buildActionMask = 2147483647;
			files = (
				189B78FC22FC97A800F95E18 /* actionsUITests.swift in Sources */,
			);
			runOnlyForDeploymentPostprocessing = 0;
		};
/* End PBXSourcesBuildPhase section */

/* Begin PBXTargetDependency section */
		189B78EE22FC97A800F95E18 /* PBXTargetDependency */ = {
			isa = PBXTargetDependency;
			target = 189B78D722FC97A600F95E18 /* actions */;
			targetProxy = 189B78ED22FC97A800F95E18 /* PBXContainerItemProxy */;
		};
		189B78F922FC97A800F95E18 /* PBXTargetDependency */ = {
			isa = PBXTargetDependency;
			target = 189B78D722FC97A600F95E18 /* actions */;
			targetProxy = 189B78F822FC97A800F95E18 /* PBXContainerItemProxy */;
		};
/* End PBXTargetDependency section */

/* Begin PBXVariantGroup section */
		189B78DF22FC97A600F95E18 /* Main.storyboard */ = {
			isa = PBXVariantGroup;
			children = (
				189B78E022FC97A600F95E18 /* Base */,
			);
			name = Main.storyboard;
			sourceTree = "<group>";
		};
		189B78E422FC97A800F95E18 /* LaunchScreen.storyboard */ = {
			isa = PBXVariantGroup;
			children = (
				189B78E522FC97A800F95E18 /* Base */,
			);
			name = LaunchScreen.storyboard;
			sourceTree = "<group>";
		};
/* End PBXVariantGroup section */

/* Begin XCBuildConfiguration section */
		189B78FE22FC97A800F95E18 /* Debug */ = {
			isa = XCBuildConfiguration;
			buildSettings = {
				ALWAYS_SEARCH_USER_PATHS = NO;
				CLANG_ANALYZER_NONNULL = YES;
				CLANG_ANALYZER_NUMBER_OBJECT_CONVERSION = YES_AGGRESSIVE;
				CLANG_CXX_LANGUAGE_STANDARD = "gnu++14";
				CLANG_CXX_LIBRARY = "libc++";
				CLANG_ENABLE_MODULES = YES;
				CLANG_ENABLE_OBJC_ARC = YES;
				CLANG_ENABLE_OBJC_WEAK = YES;
				CLANG_WARN_BLOCK_CAPTURE_AUTORELEASING = YES;
				CLANG_WARN_BOOL_CONVERSION = YES;
				CLANG_WARN_COMMA = YES;
				CLANG_WARN_CONSTANT_CONVERSION = YES;
				CLANG_WARN_DEPRECATED_OBJC_IMPLEMENTATIONS = YES;
				CLANG_WARN_DIRECT_OBJC_ISA_USAGE = YES_ERROR;
				CLANG_WARN_DOCUMENTATION_COMMENTS = YES;
				CLANG_WARN_EMPTY_BODY = YES;
				CLANG_WARN_ENUM_CONVERSION = YES;
				CLANG_WARN_INFINITE_RECURSION = YES;
				CLANG_WARN_INT_CONVERSION = YES;
				CLANG_WARN_NON_LITERAL_NULL_CONVERSION = YES;
				CLANG_WARN_OBJC_IMPLICIT_RETAIN_SELF = YES;
				CLANG_WARN_OBJC_LITERAL_CONVERSION = YES;
				CLANG_WARN_OBJC_ROOT_CLASS = YES_ERROR;
				CLANG_WARN_RANGE_LOOP_ANALYSIS = YES;
				CLANG_WARN_STRICT_PROTOTYPES = YES;
				CLANG_WARN_SUSPICIOUS_MOVE = YES;
				CLANG_WARN_UNGUARDED_AVAILABILITY = YES_AGGRESSIVE;
				CLANG_WARN_UNREACHABLE_CODE = YES;
				CLANG_WARN__DUPLICATE_METHOD_MATCH = YES;
				CODE_SIGN_IDENTITY = "iPhone Developer";
				COPY_PHASE_STRIP = NO;
				DEBUG_INFORMATION_FORMAT = dwarf;
				ENABLE_STRICT_OBJC_MSGSEND = YES;
				ENABLE_TESTABILITY = YES;
				GCC_C_LANGUAGE_STANDARD = gnu11;
				GCC_DYNAMIC_NO_PIC = NO;
				GCC_NO_COMMON_BLOCKS = YES;
				GCC_OPTIMIZATION_LEVEL = 0;
				GCC_PREPROCESSOR_DEFINITIONS = (
					"DEBUG=1",
					"$(inherited)",
				);
				GCC_WARN_64_TO_32_BIT_CONVERSION = YES;
				GCC_WARN_ABOUT_RETURN_TYPE = YES_ERROR;
				GCC_WARN_UNDECLARED_SELECTOR = YES;
				GCC_WARN_UNINITIALIZED_AUTOS = YES_AGGRESSIVE;
				GCC_WARN_UNUSED_FUNCTION = YES;
				GCC_WARN_UNUSED_VARIABLE = YES;
				IPHONEOS_DEPLOYMENT_TARGET = 12.2;
				MTL_ENABLE_DEBUG_INFO = INCLUDE_SOURCE;
				MTL_FAST_MATH = YES;
				ONLY_ACTIVE_ARCH = YES;
				SDKROOT = iphoneos;
				SWIFT_ACTIVE_COMPILATION_CONDITIONS = DEBUG;
				SWIFT_OPTIMIZATION_LEVEL = "-Onone";
			};
			name = Debug;
		};
		189B78FF22FC97A800F95E18 /* Release */ = {
			isa = XCBuildConfiguration;
			buildSettings = {
				ALWAYS_SEARCH_USER_PATHS = NO;
				CLANG_ANALYZER_NONNULL = YES;
				CLANG_ANALYZER_NUMBER_OBJECT_CONVERSION = YES_AGGRESSIVE;
				CLANG_CXX_LANGUAGE_STANDARD = "gnu++14";
				CLANG_CXX_LIBRARY = "libc++";
				CLANG_ENABLE_MODULES = YES;
				CLANG_ENABLE_OBJC_ARC = YES;
				CLANG_ENABLE_OBJC_WEAK = YES;
				CLANG_WARN_BLOCK_CAPTURE_AUTORELEASING = YES;
				CLANG_WARN_BOOL_CONVERSION = YES;
				CLANG_WARN_COMMA = YES;
				CLANG_WARN_CONSTANT_CONVERSION = YES;
				CLANG_WARN_DEPRECATED_OBJC_IMPLEMENTATIONS = YES;
				CLANG_WARN_DIRECT_OBJC_ISA_USAGE = YES_ERROR;
				CLANG_WARN_DOCUMENTATION_COMMENTS = YES;
				CLANG_WARN_EMPTY_BODY = YES;
				CLANG_WARN_ENUM_CONVERSION = YES;
				CLANG_WARN_INFINITE_RECURSION = YES;
				CLANG_WARN_INT_CONVERSION = YES;
				CLANG_WARN_NON_LITERAL_NULL_CONVERSION = YES;
				CLANG_WARN_OBJC_IMPLICIT_RETAIN_SELF = YES;
				CLANG_WARN_OBJC_LITERAL_CONVERSION = YES;
				CLANG_WARN_OBJC_ROOT_CLASS = YES_ERROR;
				CLANG_WARN_RANGE_LOOP_ANALYSIS = YES;
				CLANG_WARN_STRICT_PROTOTYPES = YES;
				CLANG_WARN_SUSPICIOUS_MOVE = YES;
				CLANG_WARN_UNGUARDED_AVAILABILITY = YES_AGGRESSIVE;
				CLANG_WARN_UNREACHABLE_CODE = YES;
				CLANG_WARN__DUPLICATE_METHOD_MATCH = YES;
				CODE_SIGN_IDENTITY = "iPhone Developer";
				COPY_PHASE_STRIP = NO;
				DEBUG_INFORMATION_FORMAT = "dwarf-with-dsym";
				ENABLE_NS_ASSERTIONS = NO;
				ENABLE_STRICT_OBJC_MSGSEND = YES;
				GCC_C_LANGUAGE_STANDARD = gnu11;
				GCC_NO_COMMON_BLOCKS = YES;
				GCC_WARN_64_TO_32_BIT_CONVERSION = YES;
				GCC_WARN_ABOUT_RETURN_TYPE = YES_ERROR;
				GCC_WARN_UNDECLARED_SELECTOR = YES;
				GCC_WARN_UNINITIALIZED_AUTOS = YES_AGGRESSIVE;
				GCC_WARN_UNUSED_FUNCTION = YES;
				GCC_WARN_UNUSED_VARIABLE = YES;
				IPHONEOS_DEPLOYMENT_TARGET = 12.2;
				MTL_ENABLE_DEBUG_INFO = NO;
				MTL_FAST_MATH = YES;
				SDKROOT = iphoneos;
				SWIFT_COMPILATION_MODE = wholemodule;
				SWIFT_OPTIMIZATION_LEVEL = "-O";
				VALIDATE_PRODUCT = YES;
			};
			name = Release;
		};
		189B790122FC97A800F95E18 /* Debug */ = {
			isa = XCBuildConfiguration;
			buildSettings = {
				ASSETCATALOG_COMPILER_APPICON_NAME = AppIcon;
				CODE_SIGN_STYLE = Automatic;
				INFOPLIST_FILE = actions/Info.plist;
				LD_RUNPATH_SEARCH_PATHS = (
					"$(inherited)",
					"@executable_path/Frameworks",
				);
				PRODUCT_BUNDLE_IDENTIFIER = Sumaia.actions;
				PRODUCT_NAME = "$(TARGET_NAME)";
				SWIFT_VERSION = 5.0;
				TARGETED_DEVICE_FAMILY = "1,2";
			};
			name = Debug;
		};
		189B790222FC97A800F95E18 /* Release */ = {
			isa = XCBuildConfiguration;
			buildSettings = {
				ASSETCATALOG_COMPILER_APPICON_NAME = AppIcon;
				CODE_SIGN_STYLE = Automatic;
				INFOPLIST_FILE = actions/Info.plist;
				LD_RUNPATH_SEARCH_PATHS = (
					"$(inherited)",
					"@executable_path/Frameworks",
				);
				PRODUCT_BUNDLE_IDENTIFIER = Sumaia.actions;
				PRODUCT_NAME = "$(TARGET_NAME)";
				SWIFT_VERSION = 5.0;
				TARGETED_DEVICE_FAMILY = "1,2";
			};
			name = Release;
		};
		189B790422FC97A800F95E18 /* Debug */ = {
			isa = XCBuildConfiguration;
			buildSettings = {
				ALWAYS_EMBED_SWIFT_STANDARD_LIBRARIES = YES;
				BUNDLE_LOADER = "$(TEST_HOST)";
				CODE_SIGN_STYLE = Automatic;
				INFOPLIST_FILE = actionsTests/Info.plist;
				LD_RUNPATH_SEARCH_PATHS = (
					"$(inherited)",
					"@executable_path/Frameworks",
					"@loader_path/Frameworks",
				);
				PRODUCT_BUNDLE_IDENTIFIER = Sumaia.actionsTests;
				PRODUCT_NAME = "$(TARGET_NAME)";
				SWIFT_VERSION = 5.0;
				TARGETED_DEVICE_FAMILY = "1,2";
				TEST_HOST = "$(BUILT_PRODUCTS_DIR)/actions.app/actions";
			};
			name = Debug;
		};
		189B790522FC97A800F95E18 /* Release */ = {
			isa = XCBuildConfiguration;
			buildSettings = {
				ALWAYS_EMBED_SWIFT_STANDARD_LIBRARIES = YES;
				BUNDLE_LOADER = "$(TEST_HOST)";
				CODE_SIGN_STYLE = Automatic;
				INFOPLIST_FILE = actionsTests/Info.plist;
				LD_RUNPATH_SEARCH_PATHS = (
					"$(inherited)",
					"@executable_path/Frameworks",
					"@loader_path/Frameworks",
				);
				PRODUCT_BUNDLE_IDENTIFIER = Sumaia.actionsTests;
				PRODUCT_NAME = "$(TARGET_NAME)";
				SWIFT_VERSION = 5.0;
				TARGETED_DEVICE_FAMILY = "1,2";
				TEST_HOST = "$(BUILT_PRODUCTS_DIR)/actions.app/actions";
			};
			name = Release;
		};
		189B790722FC97A800F95E18 /* Debug */ = {
			isa = XCBuildConfiguration;
			buildSettings = {
				ALWAYS_EMBED_SWIFT_STANDARD_LIBRARIES = YES;
				CODE_SIGN_STYLE = Automatic;
				INFOPLIST_FILE = actionsUITests/Info.plist;
				LD_RUNPATH_SEARCH_PATHS = (
					"$(inherited)",
					"@executable_path/Frameworks",
					"@loader_path/Frameworks",
				);
				PRODUCT_BUNDLE_IDENTIFIER = Sumaia.actionsUITests;
				PRODUCT_NAME = "$(TARGET_NAME)";
				SWIFT_VERSION = 5.0;
				TARGETED_DEVICE_FAMILY = "1,2";
				TEST_TARGET_NAME = actions;
			};
			name = Debug;
		};
		189B790822FC97A800F95E18 /* Release */ = {
			isa = XCBuildConfiguration;
			buildSettings = {
				ALWAYS_EMBED_SWIFT_STANDARD_LIBRARIES = YES;
				CODE_SIGN_STYLE = Automatic;
				INFOPLIST_FILE = actionsUITests/Info.plist;
				LD_RUNPATH_SEARCH_PATHS = (
					"$(inherited)",
					"@executable_path/Frameworks",
					"@loader_path/Frameworks",
				);
				PRODUCT_BUNDLE_IDENTIFIER = Sumaia.actionsUITests;
				PRODUCT_NAME = "$(TARGET_NAME)";
				SWIFT_VERSION = 5.0;
				TARGETED_DEVICE_FAMILY = "1,2";
				TEST_TARGET_NAME = actions;
			};
			name = Release;
		};
/* End XCBuildConfiguration section */

/* Begin XCConfigurationList section */
		189B78D322FC97A600F95E18 /* Build configuration list for PBXProject "actions" */ = {
			isa = XCConfigurationList;
			buildConfigurations = (
				189B78FE22FC97A800F95E18 /* Debug */,
				189B78FF22FC97A800F95E18 /* Release */,
			);
			defaultConfigurationIsVisible = 0;
			defaultConfigurationName = Release;
		};
		189B790022FC97A800F95E18 /* Build configuration list for PBXNativeTarget "actions" */ = {
			isa = XCConfigurationList;
			buildConfigurations = (
				189B790122FC97A800F95E18 /* Debug */,
				189B790222FC97A800F95E18 /* Release */,
			);
			defaultConfigurationIsVisible = 0;
			defaultConfigurationName = Release;
		};
		189B790322FC97A800F95E18 /* Build configuration list for PBXNativeTarget "actionsTests" */ = {
			isa = XCConfigurationList;
			buildConfigurations = (
				189B790422FC97A800F95E18 /* Debug */,
				189B790522FC97A800F95E18 /* Release */,
			);
			defaultConfigurationIsVisible = 0;
			defaultConfigurationName = Release;
		};
		189B790622FC97A800F95E18 /* Build configuration list for PBXNativeTarget "actionsUITests" */ = {
			isa = XCConfigurationList;
			buildConfigurations = (
				189B790722FC97A800F95E18 /* Debug */,
				189B790822FC97A800F95E18 /* Release */,
			);
			defaultConfigurationIsVisible = 0;
			defaultConfigurationName = Release;
		};
/* End XCConfigurationList section */
	};
	rootObject = 189B78D022FC97A600F95E18 /* Project object */;
}
